
Microsoft Visual Studio Solution File, Format Version 12.00
# Visual Studio Version 16
VisualStudioVersion = 16.0.31229.75
MinimumVisualStudioVersion = 10.0.40219.1
Project("{FAE04EC0-301F-11D3-BF4B-00C04F79EFBC}") = "MVCwebapps", "MVCwebapps\MVCwebapps.csproj", "{719C1B00-78D3-4D9B-AFE8-A3EE7937D9A1}"
EndProject
Global
	GlobalSection(SolutionConfigurationPlatforms) = preSolution
		Debug|Any CPU = Debug|Any CPU
		Release|Any CPU = Release|Any CPU
	EndGlobalSection
	GlobalSection(ProjectConfigurationPlatforms) = postSolution
		{719C1B00-78D3-4D9B-AFE8-A3EE7937D9A1}.Debug|Any CPU.ActiveCfg = Debug|Any CPU
		{719C1B00-78D3-4D9B-AFE8-A3EE7937D9A1}.Debug|Any CPU.Build.0 = Debug|Any CPU
		{719C1B00-78D3-4D9B-AFE8-A3EE7937D9A1}.Release|Any CPU.ActiveCfg = Release|Any CPU
		{719C1B00-78D3-4D9B-AFE8-A3EE7937D9A1}.Release|Any CPU.Build.0 = Release|Any CPU
	EndGlobalSection
	GlobalSection(SolutionProperties) = preSolution
		HideSolutionNode = FALSE
	EndGlobalSection
	GlobalSection(ExtensibilityGlobals) = postSolution
		SolutionGuid = {DE74B70C-DC35-4D5E-A5C1-8B880C6F3EC4}
	EndGlobalSection
EndGlobal
